
Microsoft Visual Studio Solution File, Format Version 12.00
# Visual Studio Version 17
VisualStudioVersion = 17.0.31903.59
MinimumVisualStudioVersion = 10.0.40219.1
Project("{FAE04EC0-301F-11D3-BF4B-00C04F79EFBC}") = "ObjectOrientedProgramming", "ObjectOrientedProgramming\ObjectOrientedProgramming.csproj", "{0520244A-F4CF-4D2E-882A-D4CB2C12211F}"
EndProject
Project("{FAE04EC0-301F-11D3-BF4B-00C04F79EFBC}") = "SOLID", "SOLID\SOLID.csproj", "{A5AB5DF4-0964-4F5F-A2F1-49F318A7B737}"
EndProject
Project("{FAE04EC0-301F-11D3-BF4B-00C04F79EFBC}") = "UML", "UML\UML.csproj", "{50128B4B-77F8-4002-90DA-9F8B48758337}"
EndProject
Project("{FAE04EC0-301F-11D3-BF4B-00C04F79EFBC}") = "Builder", "Builder\Builder.csproj", "{FBB2F44F-A0BF-40F2-B5E1-694C690422DE}"
EndProject
Project("{FAE04EC0-301F-11D3-BF4B-00C04F79EFBC}") = "Factory", "Factory\Factory.csproj", "{A10D948F-FDF3-447B-8239-696F0D935DC1}"
EndProject
Project("{FAE04EC0-301F-11D3-BF4B-00C04F79EFBC}") = "AbstractFactory", "AbstractFactory\AbstractFactory.csproj", "{798CDBF9-2E0C-4B94-9C40-614C680DD885}"
EndProject
Project("{FAE04EC0-301F-11D3-BF4B-00C04F79EFBC}") = "Prototype", "Prototype\Prototype.csproj", "{A849BADE-6BBF-4325-88A9-409EEDBE5CC5}"
EndProject
Project("{FAE04EC0-301F-11D3-BF4B-00C04F79EFBC}") = "Singleton", "Singleton\Singleton.csproj", "{624E4AFB-C8C3-4FB2-8610-3A8441411703}"
EndProject
Project("{FAE04EC0-301F-11D3-BF4B-00C04F79EFBC}") = "Strategy", "Strategy\Strategy.csproj", "{27C4EDF6-3228-466B-9C74-E032ECD4DB16}"
EndProject
Project("{FAE04EC0-301F-11D3-BF4B-00C04F79EFBC}") = "Observer", "Observer\Observer.csproj", "{50B33DBB-8BF8-4EAD-9661-D65B3304F6DC}"
EndProject
Project("{FAE04EC0-301F-11D3-BF4B-00C04F79EFBC}") = "Mediator", "Mediator\Mediator.csproj", "{7B965730-E59E-4577-916D-EB52BA189D96}"
EndProject
Project("{FAE04EC0-301F-11D3-BF4B-00C04F79EFBC}") = "ChainOfResponsibility", "ChainOfResponsibility\ChainOfResponsibility.csproj", "{5B6E1A85-4184-4A7D-B42F-4EEC8149ACA6}"
EndProject
Global
	GlobalSection(SolutionConfigurationPlatforms) = preSolution
		Debug|Any CPU = Debug|Any CPU
		Debug|x64 = Debug|x64
		Debug|x86 = Debug|x86
		Release|Any CPU = Release|Any CPU
		Release|x64 = Release|x64
		Release|x86 = Release|x86
	EndGlobalSection
	GlobalSection(ProjectConfigurationPlatforms) = postSolution
		{0520244A-F4CF-4D2E-882A-D4CB2C12211F}.Debug|Any CPU.ActiveCfg = Debug|Any CPU
		{0520244A-F4CF-4D2E-882A-D4CB2C12211F}.Debug|Any CPU.Build.0 = Debug|Any CPU
		{0520244A-F4CF-4D2E-882A-D4CB2C12211F}.Debug|x64.ActiveCfg = Debug|Any CPU
		{0520244A-F4CF-4D2E-882A-D4CB2C12211F}.Debug|x64.Build.0 = Debug|Any CPU
		{0520244A-F4CF-4D2E-882A-D4CB2C12211F}.Debug|x86.ActiveCfg = Debug|Any CPU
		{0520244A-F4CF-4D2E-882A-D4CB2C12211F}.Debug|x86.Build.0 = Debug|Any CPU
		{0520244A-F4CF-4D2E-882A-D4CB2C12211F}.Release|Any CPU.ActiveCfg = Release|Any CPU
		{0520244A-F4CF-4D2E-882A-D4CB2C12211F}.Release|Any CPU.Build.0 = Release|Any CPU
		{0520244A-F4CF-4D2E-882A-D4CB2C12211F}.Release|x64.ActiveCfg = Release|Any CPU
		{0520244A-F4CF-4D2E-882A-D4CB2C12211F}.Release|x64.Build.0 = Release|Any CPU
		{0520244A-F4CF-4D2E-882A-D4CB2C12211F}.Release|x86.ActiveCfg = Release|Any CPU
		{0520244A-F4CF-4D2E-882A-D4CB2C12211F}.Release|x86.Build.0 = Release|Any CPU
		{A5AB5DF4-0964-4F5F-A2F1-49F318A7B737}.Debug|Any CPU.ActiveCfg = Debug|Any CPU
		{A5AB5DF4-0964-4F5F-A2F1-49F318A7B737}.Debug|Any CPU.Build.0 = Debug|Any CPU
		{A5AB5DF4-0964-4F5F-A2F1-49F318A7B737}.Debug|x64.ActiveCfg = Debug|Any CPU
		{A5AB5DF4-0964-4F5F-A2F1-49F318A7B737}.Debug|x64.Build.0 = Debug|Any CPU
		{A5AB5DF4-0964-4F5F-A2F1-49F318A7B737}.Debug|x86.ActiveCfg = Debug|Any CPU
		{A5AB5DF4-0964-4F5F-A2F1-49F318A7B737}.Debug|x86.Build.0 = Debug|Any CPU
		{A5AB5DF4-0964-4F5F-A2F1-49F318A7B737}.Release|Any CPU.ActiveCfg = Release|Any CPU
		{A5AB5DF4-0964-4F5F-A2F1-49F318A7B737}.Release|Any CPU.Build.0 = Release|Any CPU
		{A5AB5DF4-0964-4F5F-A2F1-49F318A7B737}.Release|x64.ActiveCfg = Release|Any CPU
		{A5AB5DF4-0964-4F5F-A2F1-49F318A7B737}.Release|x64.Build.0 = Release|Any CPU
		{A5AB5DF4-0964-4F5F-A2F1-49F318A7B737}.Release|x86.ActiveCfg = Release|Any CPU
		{A5AB5DF4-0964-4F5F-A2F1-49F318A7B737}.Release|x86.Build.0 = Release|Any CPU
		{50128B4B-77F8-4002-90DA-9F8B48758337}.Debug|Any CPU.ActiveCfg = Debug|Any CPU
		{50128B4B-77F8-4002-90DA-9F8B48758337}.Debug|Any CPU.Build.0 = Debug|Any CPU
		{50128B4B-77F8-4002-90DA-9F8B48758337}.Debug|x64.ActiveCfg = Debug|Any CPU
		{50128B4B-77F8-4002-90DA-9F8B48758337}.Debug|x64.Build.0 = Debug|Any CPU
		{50128B4B-77F8-4002-90DA-9F8B48758337}.Debug|x86.ActiveCfg = Debug|Any CPU
		{50128B4B-77F8-4002-90DA-9F8B48758337}.Debug|x86.Build.0 = Debug|Any CPU
		{50128B4B-77F8-4002-90DA-9F8B48758337}.Release|Any CPU.ActiveCfg = Release|Any CPU
		{50128B4B-77F8-4002-90DA-9F8B48758337}.Release|Any CPU.Build.0 = Release|Any CPU
		{50128B4B-77F8-4002-90DA-9F8B48758337}.Release|x64.ActiveCfg = Release|Any CPU
		{50128B4B-77F8-4002-90DA-9F8B48758337}.Release|x64.Build.0 = Release|Any CPU
		{50128B4B-77F8-4002-90DA-9F8B48758337}.Release|x86.ActiveCfg = Release|Any CPU
		{50128B4B-77F8-4002-90DA-9F8B48758337}.Release|x86.Build.0 = Release|Any CPU
		{FBB2F44F-A0BF-40F2-B5E1-694C690422DE}.Debug|Any CPU.ActiveCfg = Debug|Any CPU
		{FBB2F44F-A0BF-40F2-B5E1-694C690422DE}.Debug|Any CPU.Build.0 = Debug|Any CPU
		{FBB2F44F-A0BF-40F2-B5E1-694C690422DE}.Debug|x64.ActiveCfg = Debug|Any CPU
		{FBB2F44F-A0BF-40F2-B5E1-694C690422DE}.Debug|x64.Build.0 = Debug|Any CPU
		{FBB2F44F-A0BF-40F2-B5E1-694C690422DE}.Debug|x86.ActiveCfg = Debug|Any CPU
		{FBB2F44F-A0BF-40F2-B5E1-694C690422DE}.Debug|x86.Build.0 = Debug|Any CPU
		{FBB2F44F-A0BF-40F2-B5E1-694C690422DE}.Release|Any CPU.ActiveCfg = Release|Any CPU
		{FBB2F44F-A0BF-40F2-B5E1-694C690422DE}.Release|Any CPU.Build.0 = Release|Any CPU
		{FBB2F44F-A0BF-40F2-B5E1-694C690422DE}.Release|x64.ActiveCfg = Release|Any CPU
		{FBB2F44F-A0BF-40F2-B5E1-694C690422DE}.Release|x64.Build.0 = Release|Any CPU
		{FBB2F44F-A0BF-40F2-B5E1-694C690422DE}.Release|x86.ActiveCfg = Release|Any CPU
		{FBB2F44F-A0BF-40F2-B5E1-694C690422DE}.Release|x86.Build.0 = Release|Any CPU
		{A10D948F-FDF3-447B-8239-696F0D935DC1}.Debug|Any CPU.ActiveCfg = Debug|Any CPU
		{A10D948F-FDF3-447B-8239-696F0D935DC1}.Debug|Any CPU.Build.0 = Debug|Any CPU
		{A10D948F-FDF3-447B-8239-696F0D935DC1}.Debug|x64.ActiveCfg = Debug|Any CPU
		{A10D948F-FDF3-447B-8239-696F0D935DC1}.Debug|x64.Build.0 = Debug|Any CPU
		{A10D948F-FDF3-447B-8239-696F0D935DC1}.Debug|x86.ActiveCfg = Debug|Any CPU
		{A10D948F-FDF3-447B-8239-696F0D935DC1}.Debug|x86.Build.0 = Debug|Any CPU
		{A10D948F-FDF3-447B-8239-696F0D935DC1}.Release|Any CPU.ActiveCfg = Release|Any CPU
		{A10D948F-FDF3-447B-8239-696F0D935DC1}.Release|Any CPU.Build.0 = Release|Any CPU
		{A10D948F-FDF3-447B-8239-696F0D935DC1}.Release|x64.ActiveCfg = Release|Any CPU
		{A10D948F-FDF3-447B-8239-696F0D935DC1}.Release|x64.Build.0 = Release|Any CPU
		{A10D948F-FDF3-447B-8239-696F0D935DC1}.Release|x86.ActiveCfg = Release|Any CPU
		{A10D948F-FDF3-447B-8239-696F0D935DC1}.Release|x86.Build.0 = Release|Any CPU
		{798CDBF9-2E0C-4B94-9C40-614C680DD885}.Debug|Any CPU.ActiveCfg = Debug|Any CPU
		{798CDBF9-2E0C-4B94-9C40-614C680DD885}.Debug|Any CPU.Build.0 = Debug|Any CPU
		{798CDBF9-2E0C-4B94-9C40-614C680DD885}.Debug|x64.ActiveCfg = Debug|Any CPU
		{798CDBF9-2E0C-4B94-9C40-614C680DD885}.Debug|x64.Build.0 = Debug|Any CPU
		{798CDBF9-2E0C-4B94-9C40-614C680DD885}.Debug|x86.ActiveCfg = Debug|Any CPU
		{798CDBF9-2E0C-4B94-9C40-614C680DD885}.Debug|x86.Build.0 = Debug|Any CPU
		{798CDBF9-2E0C-4B94-9C40-614C680DD885}.Release|Any CPU.ActiveCfg = Release|Any CPU
		{798CDBF9-2E0C-4B94-9C40-614C680DD885}.Release|Any CPU.Build.0 = Release|Any CPU
		{798CDBF9-2E0C-4B94-9C40-614C680DD885}.Release|x64.ActiveCfg = Release|Any CPU
		{798CDBF9-2E0C-4B94-9C40-614C680DD885}.Release|x64.Build.0 = Release|Any CPU
		{798CDBF9-2E0C-4B94-9C40-614C680DD885}.Release|x86.ActiveCfg = Release|Any CPU
		{798CDBF9-2E0C-4B94-9C40-614C680DD885}.Release|x86.Build.0 = Release|Any CPU
		{A849BADE-6BBF-4325-88A9-409EEDBE5CC5}.Debug|Any CPU.ActiveCfg = Debug|Any CPU
		{A849BADE-6BBF-4325-88A9-409EEDBE5CC5}.Debug|Any CPU.Build.0 = Debug|Any CPU
		{A849BADE-6BBF-4325-88A9-409EEDBE5CC5}.Debug|x64.ActiveCfg = Debug|Any CPU
		{A849BADE-6BBF-4325-88A9-409EEDBE5CC5}.Debug|x64.Build.0 = Debug|Any CPU
		{A849BADE-6BBF-4325-88A9-409EEDBE5CC5}.Debug|x86.ActiveCfg = Debug|Any CPU
		{A849BADE-6BBF-4325-88A9-409EEDBE5CC5}.Debug|x86.Build.0 = Debug|Any CPU
		{A849BADE-6BBF-4325-88A9-409EEDBE5CC5}.Release|Any CPU.ActiveCfg = Release|Any CPU
		{A849BADE-6BBF-4325-88A9-409EEDBE5CC5}.Release|Any CPU.Build.0 = Release|Any CPU
		{A849BADE-6BBF-4325-88A9-409EEDBE5CC5}.Release|x64.ActiveCfg = Release|Any CPU
		{A849BADE-6BBF-4325-88A9-409EEDBE5CC5}.Release|x64.Build.0 = Release|Any CPU
		{A849BADE-6BBF-4325-88A9-409EEDBE5CC5}.Release|x86.ActiveCfg = Release|Any CPU
		{A849BADE-6BBF-4325-88A9-409EEDBE5CC5}.Release|x86.Build.0 = Release|Any CPU
		{624E4AFB-C8C3-4FB2-8610-3A8441411703}.Debug|Any CPU.ActiveCfg = Debug|Any CPU
		{624E4AFB-C8C3-4FB2-8610-3A8441411703}.Debug|Any CPU.Build.0 = Debug|Any CPU
		{624E4AFB-C8C3-4FB2-8610-3A8441411703}.Debug|x64.ActiveCfg = Debug|Any CPU
		{624E4AFB-C8C3-4FB2-8610-3A8441411703}.Debug|x64.Build.0 = Debug|Any CPU
		{624E4AFB-C8C3-4FB2-8610-3A8441411703}.Debug|x86.ActiveCfg = Debug|Any CPU
		{624E4AFB-C8C3-4FB2-8610-3A8441411703}.Debug|x86.Build.0 = Debug|Any CPU
		{624E4AFB-C8C3-4FB2-8610-3A8441411703}.Release|Any CPU.ActiveCfg = Release|Any CPU
		{624E4AFB-C8C3-4FB2-8610-3A8441411703}.Release|Any CPU.Build.0 = Release|Any CPU
		{624E4AFB-C8C3-4FB2-8610-3A8441411703}.Release|x64.ActiveCfg = Release|Any CPU
		{624E4AFB-C8C3-4FB2-8610-3A8441411703}.Release|x64.Build.0 = Release|Any CPU
		{624E4AFB-C8C3-4FB2-8610-3A8441411703}.Release|x86.ActiveCfg = Release|Any CPU
		{624E4AFB-C8C3-4FB2-8610-3A8441411703}.Release|x86.Build.0 = Release|Any CPU
		{27C4EDF6-3228-466B-9C74-E032ECD4DB16}.Debug|Any CPU.ActiveCfg = Debug|Any CPU
		{27C4EDF6-3228-466B-9C74-E032ECD4DB16}.Debug|Any CPU.Build.0 = Debug|Any CPU
		{27C4EDF6-3228-466B-9C74-E032ECD4DB16}.Debug|x64.ActiveCfg = Debug|Any CPU
		{27C4EDF6-3228-466B-9C74-E032ECD4DB16}.Debug|x64.Build.0 = Debug|Any CPU
		{27C4EDF6-3228-466B-9C74-E032ECD4DB16}.Debug|x86.ActiveCfg = Debug|Any CPU
		{27C4EDF6-3228-466B-9C74-E032ECD4DB16}.Debug|x86.Build.0 = Debug|Any CPU
		{27C4EDF6-3228-466B-9C74-E032ECD4DB16}.Release|Any CPU.ActiveCfg = Release|Any CPU
		{27C4EDF6-3228-466B-9C74-E032ECD4DB16}.Release|Any CPU.Build.0 = Release|Any CPU
		{27C4EDF6-3228-466B-9C74-E032ECD4DB16}.Release|x64.ActiveCfg = Release|Any CPU
		{27C4EDF6-3228-466B-9C74-E032ECD4DB16}.Release|x64.Build.0 = Release|Any CPU
		{27C4EDF6-3228-466B-9C74-E032ECD4DB16}.Release|x86.ActiveCfg = Release|Any CPU
		{27C4EDF6-3228-466B-9C74-E032ECD4DB16}.Release|x86.Build.0 = Release|Any CPU
		{50B33DBB-8BF8-4EAD-9661-D65B3304F6DC}.Debug|Any CPU.ActiveCfg = Debug|Any CPU
		{50B33DBB-8BF8-4EAD-9661-D65B3304F6DC}.Debug|Any CPU.Build.0 = Debug|Any CPU
		{50B33DBB-8BF8-4EAD-9661-D65B3304F6DC}.Debug|x64.ActiveCfg = Debug|Any CPU
		{50B33DBB-8BF8-4EAD-9661-D65B3304F6DC}.Debug|x64.Build.0 = Debug|Any CPU
		{50B33DBB-8BF8-4EAD-9661-D65B3304F6DC}.Debug|x86.ActiveCfg = Debug|Any CPU
		{50B33DBB-8BF8-4EAD-9661-D65B3304F6DC}.Debug|x86.Build.0 = Debug|Any CPU
		{50B33DBB-8BF8-4EAD-9661-D65B3304F6DC}.Release|Any CPU.ActiveCfg = Release|Any CPU
		{50B33DBB-8BF8-4EAD-9661-D65B3304F6DC}.Release|Any CPU.Build.0 = Release|Any CPU
		{50B33DBB-8BF8-4EAD-9661-D65B3304F6DC}.Release|x64.ActiveCfg = Release|Any CPU
		{50B33DBB-8BF8-4EAD-9661-D65B3304F6DC}.Release|x64.Build.0 = Release|Any CPU
		{50B33DBB-8BF8-4EAD-9661-D65B3304F6DC}.Release|x86.ActiveCfg = Release|Any CPU
		{50B33DBB-8BF8-4EAD-9661-D65B3304F6DC}.Release|x86.Build.0 = Release|Any CPU
		{7B965730-E59E-4577-916D-EB52BA189D96}.Debug|Any CPU.ActiveCfg = Debug|Any CPU
		{7B965730-E59E-4577-916D-EB52BA189D96}.Debug|Any CPU.Build.0 = Debug|Any CPU
		{7B965730-E59E-4577-916D-EB52BA189D96}.Debug|x64.ActiveCfg = Debug|Any CPU
		{7B965730-E59E-4577-916D-EB52BA189D96}.Debug|x64.Build.0 = Debug|Any CPU
		{7B965730-E59E-4577-916D-EB52BA189D96}.Debug|x86.ActiveCfg = Debug|Any CPU
		{7B965730-E59E-4577-916D-EB52BA189D96}.Debug|x86.Build.0 = Debug|Any CPU
		{7B965730-E59E-4577-916D-EB52BA189D96}.Release|Any CPU.ActiveCfg = Release|Any CPU
		{7B965730-E59E-4577-916D-EB52BA189D96}.Release|Any CPU.Build.0 = Release|Any CPU
		{7B965730-E59E-4577-916D-EB52BA189D96}.Release|x64.ActiveCfg = Release|Any CPU
		{7B965730-E59E-4577-916D-EB52BA189D96}.Release|x64.Build.0 = Release|Any CPU
		{7B965730-E59E-4577-916D-EB52BA189D96}.Release|x86.ActiveCfg = Release|Any CPU
		{7B965730-E59E-4577-916D-EB52BA189D96}.Release|x86.Build.0 = Release|Any CPU
		{5B6E1A85-4184-4A7D-B42F-4EEC8149ACA6}.Debug|Any CPU.ActiveCfg = Debug|Any CPU
		{5B6E1A85-4184-4A7D-B42F-4EEC8149ACA6}.Debug|Any CPU.Build.0 = Debug|Any CPU
		{5B6E1A85-4184-4A7D-B42F-4EEC8149ACA6}.Debug|x64.ActiveCfg = Debug|Any CPU
		{5B6E1A85-4184-4A7D-B42F-4EEC8149ACA6}.Debug|x64.Build.0 = Debug|Any CPU
		{5B6E1A85-4184-4A7D-B42F-4EEC8149ACA6}.Debug|x86.ActiveCfg = Debug|Any CPU
		{5B6E1A85-4184-4A7D-B42F-4EEC8149ACA6}.Debug|x86.Build.0 = Debug|Any CPU
		{5B6E1A85-4184-4A7D-B42F-4EEC8149ACA6}.Release|Any CPU.ActiveCfg = Release|Any CPU
		{5B6E1A85-4184-4A7D-B42F-4EEC8149ACA6}.Release|Any CPU.Build.0 = Release|Any CPU
		{5B6E1A85-4184-4A7D-B42F-4EEC8149ACA6}.Release|x64.ActiveCfg = Release|Any CPU
		{5B6E1A85-4184-4A7D-B42F-4EEC8149ACA6}.Release|x64.Build.0 = Release|Any CPU
		{5B6E1A85-4184-4A7D-B42F-4EEC8149ACA6}.Release|x86.ActiveCfg = Release|Any CPU
		{5B6E1A85-4184-4A7D-B42F-4EEC8149ACA6}.Release|x86.Build.0 = Release|Any CPU
	EndGlobalSection
	GlobalSection(SolutionProperties) = preSolution
		HideSolutionNode = FALSE
	EndGlobalSection
EndGlobal
